
Microsoft Visual Studio Solution File, Format Version 12.00
# Visual Studio Express 2012 for Windows Desktop
Project("{8BC9CEB8-8B4A-11D0-8D11-00A0C91BC942}") = "11-yakubovich+++", "11-yakubovich+++\11-yakubovich+++.vcxproj", "{3B102226-3F36-44D6-BF94-E4A3CDBF737F}"
EndProject
Global
	GlobalSection(SolutionConfigurationPlatforms) = preSolution
		Debug|Win32 = Debug|Win32
		Release|Win32 = Release|Win32
	EndGlobalSection
	GlobalSection(ProjectConfigurationPlatforms) = postSolution
		{3B102226-3F36-44D6-BF94-E4A3CDBF737F}.Debug|Win32.ActiveCfg = Debug|Win32
		{3B102226-3F36-44D6-BF94-E4A3CDBF737F}.Debug|Win32.Build.0 = Debug|Win32
		{3B102226-3F36-44D6-BF94-E4A3CDBF737F}.Release|Win32.ActiveCfg = Release|Win32
		{3B102226-3F36-44D6-BF94-E4A3CDBF737F}.Release|Win32.Build.0 = Release|Win32
	EndGlobalSection
	GlobalSection(SolutionProperties) = preSolution
		HideSolutionNode = FALSE
	EndGlobalSection
EndGlobal
